// !$*UTF8*$!
{
	archiveVersion = 1;
	classes = {
	};
	objectVersion = 46;
	objects = {

/* Begin PBXBuildFile section */
		8E7CE29C14D7C5FD008DF9AD /* AppDelegate.mm in Sources */ = {isa = PBXBuildFile; fileRef = 8E7CE29B14D7C5FD008DF9AD /* AppDelegate.mm */; };
		8E7CE29E14D7C5FD008DF9AD /* en.strings in Resources */ = {isa = PBXBuildFile; fileRef = 8E7CE29D14D7C5FD008DF9AD /* en.strings */; };
		8E7CE2A014D7C5FD008DF9AD /* main.m in Sources */ = {isa = PBXBuildFile; fileRef = 8E7CE29F14D7C5FD008DF9AD /* main.m */; };
		8E7CE2A214D7C5FD008DF9AD /* main.pch in Resources */ = {isa = PBXBuildFile; fileRef = 8E7CE2A114D7C5FD008DF9AD /* main.pch */; };
		8E7CE2A514D7C5FD008DF9AD /* main.xib in Resources */ = {isa = PBXBuildFile; fileRef = 8E7CE2A414D7C5FD008DF9AD /* main.xib */; };
		8E7CE2A814D7C5FD008DF9AD /* poOpenGLView.mm in Sources */ = {isa = PBXBuildFile; fileRef = 8E7CE2A714D7C5FD008DF9AD /* poOpenGLView.mm */; };
		8E7CE2AC14D7C5FD008DF9AD /* graphicsProgrammingApp.cpp in Sources */ = {isa = PBXBuildFile; fileRef = 8E7CE2AB14D7C5FD008DF9AD /* graphicsProgrammingApp.cpp */; };
		8E7CE2AE14D7C5FD008DF9AD /* AppConfig.cpp in Sources */ = {isa = PBXBuildFile; fileRef = 8E7CE2AD14D7C5FD008DF9AD /* AppConfig.cpp */; };
/* End PBXBuildFile section */

/* Begin PBXFileReference section */
		8E7CE29314D7C5FC008DF9AD /* graphicsProgramming.app */ = {isa = PBXFileReference; explicitFileType = wrapper.application; includeInIndex = 0; path = graphicsProgramming.app; sourceTree = BUILT_PRODUCTS_DIR; };
		8E7CE29814D7C5FD008DF9AD /* Debug.xcconfig */ = {isa = PBXFileReference; lastKnownFileType = text.xcconfig; name = Debug.xcconfig; path = ../platform/Debug.xcconfig; sourceTree = "<group>"; };
		8E7CE29914D7C5FD008DF9AD /* Release.xcconfig */ = {isa = PBXFileReference; lastKnownFileType = text.xcconfig; name = Release.xcconfig; path = ../platform/Release.xcconfig; sourceTree = "<group>"; };
		8E7CE29A14D7C5FD008DF9AD /* AppDelegate.h */ = {isa = PBXFileReference; lastKnownFileType = sourcecode.c.h; name = AppDelegate.h; path = ../platform/AppDelegate.h; sourceTree = "<group>"; };
		8E7CE29B14D7C5FD008DF9AD /* AppDelegate.mm */ = {isa = PBXFileReference; lastKnownFileType = sourcecode.cpp.objcpp; name = AppDelegate.mm; path = ../platform/AppDelegate.mm; sourceTree = "<group>"; };
		8E7CE29D14D7C5FD008DF9AD /* en.strings */ = {isa = PBXFileReference; lastKnownFileType = text.plist.strings; name = en.strings; path = ../platform/en.strings; sourceTree = "<group>"; };
		8E7CE29F14D7C5FD008DF9AD /* main.m */ = {isa = PBXFileReference; lastKnownFileType = sourcecode.c.objc; name = main.m; path = ../platform/main.m; sourceTree = "<group>"; };
		8E7CE2A114D7C5FD008DF9AD /* main.pch */ = {isa = PBXFileReference; lastKnownFileType = sourcecode.c.h; name = main.pch; path = ../platform/main.pch; sourceTree = "<group>"; };
		8E7CE2A314D7C5FD008DF9AD /* main.plist */ = {isa = PBXFileReference; lastKnownFileType = text.plist.xml; name = main.plist; path = ../platform/main.plist; sourceTree = "<group>"; };
		8E7CE2A414D7C5FD008DF9AD /* main.xib */ = {isa = PBXFileReference; lastKnownFileType = file.xib; name = main.xib; path = ../platform/main.xib; sourceTree = "<group>"; };
		8E7CE2A614D7C5FD008DF9AD /* poOpenGLView.h */ = {isa = PBXFileReference; lastKnownFileType = sourcecode.c.h; name = poOpenGLView.h; path = ../platform/poOpenGLView.h; sourceTree = "<group>"; };
		8E7CE2A714D7C5FD008DF9AD /* poOpenGLView.mm */ = {isa = PBXFileReference; lastKnownFileType = sourcecode.cpp.objcpp; name = poOpenGLView.mm; path = ../platform/poOpenGLView.mm; sourceTree = "<group>"; };
		8E7CE2AA14D7C5FD008DF9AD /* graphicsProgrammingApp.h */ = {isa = PBXFileReference; lastKnownFileType = sourcecode.c.h; path = graphicsProgrammingApp.h; sourceTree = "<group>"; };
		8E7CE2AB14D7C5FD008DF9AD /* graphicsProgrammingApp.cpp */ = {isa = PBXFileReference; lastKnownFileType = sourcecode.cpp.cpp; path = graphicsProgrammingApp.cpp; sourceTree = "<group>"; };
		8E7CE2AD14D7C5FD008DF9AD /* AppConfig.cpp */ = {isa = PBXFileReference; lastKnownFileType = sourcecode.cpp.cpp; path = AppConfig.cpp; sourceTree = "<group>"; };
/* End PBXFileReference section */

/* Begin PBXFrameworksBuildPhase section */
		8E7CE29014D7C5FC008DF9AD /* Frameworks */ = {
			isa = PBXFrameworksBuildPhase;
			buildActionMask = 2147483647;
			files = (
			);
			runOnlyForDeploymentPostprocessing = 0;
		};
/* End PBXFrameworksBuildPhase section */

/* Begin PBXGroup section */
		8E7CE28814D7C5FC008DF9AD = {
			isa = PBXGroup;
			children = (
				8E7CE29614D7C5FC008DF9AD /* graphicsProgramming */,
				8E7CE29414D7C5FC008DF9AD /* Products */,
			);
			sourceTree = "<group>";
		};
		8E7CE29414D7C5FC008DF9AD /* Products */ = {
			isa = PBXGroup;
			children = (
				8E7CE29314D7C5FC008DF9AD /* graphicsProgramming.app */,
			);
			name = Products;
			sourceTree = "<group>";
		};
		8E7CE29614D7C5FC008DF9AD /* graphicsProgramming */ = {
			isa = PBXGroup;
			children = (
				8E7CE29714D7C5FD008DF9AD /* platform */,
				8E7CE2A914D7C5FD008DF9AD /* application */,
			);
			path = graphicsProgramming;
			sourceTree = "<group>";
		};
		8E7CE29714D7C5FD008DF9AD /* platform */ = {
			isa = PBXGroup;
			children = (
				8E7CE29814D7C5FD008DF9AD /* Debug.xcconfig */,
				8E7CE29914D7C5FD008DF9AD /* Release.xcconfig */,
				8E7CE29A14D7C5FD008DF9AD /* AppDelegate.h */,
				8E7CE29B14D7C5FD008DF9AD /* AppDelegate.mm */,
				8E7CE29D14D7C5FD008DF9AD /* en.strings */,
				8E7CE29F14D7C5FD008DF9AD /* main.m */,
				8E7CE2A114D7C5FD008DF9AD /* main.pch */,
				8E7CE2A314D7C5FD008DF9AD /* main.plist */,
				8E7CE2A414D7C5FD008DF9AD /* main.xib */,
				8E7CE2A614D7C5FD008DF9AD /* poOpenGLView.h */,
				8E7CE2A714D7C5FD008DF9AD /* poOpenGLView.mm */,
			);
			name = platform;
			sourceTree = "<group>";
		};
		8E7CE2A914D7C5FD008DF9AD /* application */ = {
			isa = PBXGroup;
			children = (
				8E7CE2AA14D7C5FD008DF9AD /* graphicsProgrammingApp.h */,
				8E7CE2AB14D7C5FD008DF9AD /* graphicsProgrammingApp.cpp */,
				8E7CE2AD14D7C5FD008DF9AD /* AppConfig.cpp */,
			);
			name = application;
			sourceTree = "<group>";
		};
/* End PBXGroup section */

/* Begin PBXNativeTarget section */
		8E7CE29214D7C5FC008DF9AD /* graphicsProgramming */ = {
			isa = PBXNativeTarget;
			buildConfigurationList = 8E7CE2B114D7C5FD008DF9AD /* Build configuration list for PBXNativeTarget "graphicsProgramming" */;
			buildPhases = (
				8E7CE28F14D7C5FC008DF9AD /* Sources */,
				8E7CE29014D7C5FC008DF9AD /* Frameworks */,
				8E7CE29114D7C5FC008DF9AD /* Resources */,
			);
			buildRules = (
			);
			dependencies = (
			);
			name = graphicsProgramming;
			productName = graphicsProgramming;
			productReference = 8E7CE29314D7C5FC008DF9AD /* graphicsProgramming.app */;
			productType = "com.apple.product-type.application";
		};
/* End PBXNativeTarget section */

/* Begin PBXProject section */
		8E7CE28A14D7C5FC008DF9AD /* Project object */ = {
			isa = PBXProject;
			attributes = {
				LastUpgradeCheck = 0420;
			};
			buildConfigurationList = 8E7CE28D14D7C5FC008DF9AD /* Build configuration list for PBXProject "graphicsProgramming" */;
			compatibilityVersion = "Xcode 3.2";
			developmentRegion = English;
			hasScannedForEncodings = 0;
			knownRegions = (
				en,
			);
			mainGroup = 8E7CE28814D7C5FC008DF9AD;
			productRefGroup = 8E7CE29414D7C5FC008DF9AD /* Products */;
			projectDirPath = "";
			projectRoot = "";
			targets = (
				8E7CE29214D7C5FC008DF9AD /* graphicsProgramming */,
			);
		};
/* End PBXProject section */

/* Begin PBXResourcesBuildPhase section */
		8E7CE29114D7C5FC008DF9AD /* Resources */ = {
			isa = PBXResourcesBuildPhase;
			buildActionMask = 2147483647;
			files = (
				8E7CE29E14D7C5FD008DF9AD /* en.strings in Resources */,
				8E7CE2A214D7C5FD008DF9AD /* main.pch in Resources */,
				8E7CE2A514D7C5FD008DF9AD /* main.xib in Resources */,
			);
			runOnlyForDeploymentPostprocessing = 0;
		};
/* End PBXResourcesBuildPhase section */

/* Begin PBXSourcesBuildPhase section */
		8E7CE28F14D7C5FC008DF9AD /* Sources */ = {
			isa = PBXSourcesBuildPhase;
			buildActionMask = 2147483647;
			files = (
				8E7CE29C14D7C5FD008DF9AD /* AppDelegate.mm in Sources */,
				8E7CE2A014D7C5FD008DF9AD /* main.m in Sources */,
				8E7CE2A814D7C5FD008DF9AD /* poOpenGLView.mm in Sources */,
				8E7CE2AC14D7C5FD008DF9AD /* graphicsProgrammingApp.cpp in Sources */,
				8E7CE2AE14D7C5FD008DF9AD /* AppConfig.cpp in Sources */,
			);
			runOnlyForDeploymentPostprocessing = 0;
		};
/* End PBXSourcesBuildPhase section */

/* Begin XCBuildConfiguration section */
		8E7CE2AF14D7C5FD008DF9AD /* Debug */ = {
			isa = XCBuildConfiguration;
			baseConfigurationReference = 8E7CE29814D7C5FD008DF9AD /* Debug.xcconfig */;
			buildSettings = {
			};
			name = Debug;
		};
		8E7CE2B014D7C5FD008DF9AD /* Release */ = {
			isa = XCBuildConfiguration;
			baseConfigurationReference = 8E7CE29914D7C5FD008DF9AD /* Release.xcconfig */;
			buildSettings = {
			};
			name = Release;
		};
		8E7CE2B214D7C5FD008DF9AD /* Debug */ = {
			isa = XCBuildConfiguration;
			buildSettings = {
			};
			name = Debug;
		};
		8E7CE2B314D7C5FD008DF9AD /* Release */ = {
			isa = XCBuildConfiguration;
			buildSettings = {
			};
			name = Release;
		};
/* End XCBuildConfiguration section */

/* Begin XCConfigurationList section */
		8E7CE28D14D7C5FC008DF9AD /* Build configuration list for PBXProject "graphicsProgramming" */ = {
			isa = XCConfigurationList;
			buildConfigurations = (
				8E7CE2AF14D7C5FD008DF9AD /* Debug */,
				8E7CE2B014D7C5FD008DF9AD /* Release */,
			);
			defaultConfigurationIsVisible = 0;
			defaultConfigurationName = Release;
		};
		8E7CE2B114D7C5FD008DF9AD /* Build configuration list for PBXNativeTarget "graphicsProgramming" */ = {
			isa = XCConfigurationList;
			buildConfigurations = (
				8E7CE2B214D7C5FD008DF9AD /* Debug */,
				8E7CE2B314D7C5FD008DF9AD /* Release */,
			);
			defaultConfigurationIsVisible = 0;
		};
/* End XCConfigurationList section */
	};
	rootObject = 8E7CE28A14D7C5FC008DF9AD /* Project object */;
}
